// !$*UTF8*$!
{
	archiveVersion = 1;
	classes = {
	};
	objectVersion = 56;
	objects = {

/* Begin PBXBuildFile section */
		9CEE97632C354A270030CA2A /* AppDelegate.swift in Sources */ = {isa = PBXBuildFile; fileRef = 9CEE97622C354A270030CA2A /* AppDelegate.swift */; };
		9CEE97652C354A270030CA2A /* SceneDelegate.swift in Sources */ = {isa = PBXBuildFile; fileRef = 9CEE97642C354A270030CA2A /* SceneDelegate.swift */; };
		9CEE97672C354A270030CA2A /* ViewController.swift in Sources */ = {isa = PBXBuildFile; fileRef = 9CEE97662C354A270030CA2A /* ViewController.swift */; };
		9CEE976A2C354A270030CA2A /* Base in Resources */ = {isa = PBXBuildFile; fileRef = 9CEE97692C354A270030CA2A /* Base */; };
		9CEE976D2C354A270030CA2A /* Fitpal.xcdatamodeld in Sources */ = {isa = PBXBuildFile; fileRef = 9CEE976B2C354A270030CA2A /* Fitpal.xcdatamodeld */; };
		9CEE976F2C354A280030CA2A /* Assets.xcassets in Resources */ = {isa = PBXBuildFile; fileRef = 9CEE976E2C354A280030CA2A /* Assets.xcassets */; };
		9CEE97722C354A280030CA2A /* Base in Resources */ = {isa = PBXBuildFile; fileRef = 9CEE97712C354A280030CA2A /* Base */; };
		9CEE977D2C354A280030CA2A /* FitpalTests.swift in Sources */ = {isa = PBXBuildFile; fileRef = 9CEE977C2C354A280030CA2A /* FitpalTests.swift */; };
		9CEE97872C354A280030CA2A /* FitpalUITests.swift in Sources */ = {isa = PBXBuildFile; fileRef = 9CEE97862C354A280030CA2A /* FitpalUITests.swift */; };
		9CEE97892C354A280030CA2A /* FitpalUITestsLaunchTests.swift in Sources */ = {isa = PBXBuildFile; fileRef = 9CEE97882C354A280030CA2A /* FitpalUITestsLaunchTests.swift */; };
/* End PBXBuildFile section */

/* Begin PBXContainerItemProxy section */
		9CEE97792C354A280030CA2A /* PBXContainerItemProxy */ = {
			isa = PBXContainerItemProxy;
			containerPortal = 9CEE97572C354A270030CA2A /* Project object */;
			proxyType = 1;
			remoteGlobalIDString = 9CEE975E2C354A270030CA2A;
			remoteInfo = Fitpal;
		};
		9CEE97832C354A280030CA2A /* PBXContainerItemProxy */ = {
			isa = PBXContainerItemProxy;
			containerPortal = 9CEE97572C354A270030CA2A /* Project object */;
			proxyType = 1;
			remoteGlobalIDString = 9CEE975E2C354A270030CA2A;
			remoteInfo = Fitpal;
		};
/* End PBXContainerItemProxy section */

/* Begin PBXFileReference section */
		9CEE975F2C354A270030CA2A /* Fitpal.app */ = {isa = PBXFileReference; explicitFileType = wrapper.application; includeInIndex = 0; path = Fitpal.app; sourceTree = BUILT_PRODUCTS_DIR; };
		9CEE97622C354A270030CA2A /* AppDelegate.swift */ = {isa = PBXFileReference; lastKnownFileType = sourcecode.swift; path = AppDelegate.swift; sourceTree = "<group>"; };
		9CEE97642C354A270030CA2A /* SceneDelegate.swift */ = {isa = PBXFileReference; lastKnownFileType = sourcecode.swift; path = SceneDelegate.swift; sourceTree = "<group>"; };
		9CEE97662C354A270030CA2A /* ViewController.swift */ = {isa = PBXFileReference; lastKnownFileType = sourcecode.swift; path = ViewController.swift; sourceTree = "<group>"; };
		9CEE97692C354A270030CA2A /* Base */ = {isa = PBXFileReference; lastKnownFileType = file.storyboard; name = Base; path = Base.lproj/Main.storyboard; sourceTree = "<group>"; };
		9CEE976C2C354A270030CA2A /* Fitpal.xcdatamodel */ = {isa = PBXFileReference; lastKnownFileType = wrapper.xcdatamodel; path = Fitpal.xcdatamodel; sourceTree = "<group>"; };
		9CEE976E2C354A280030CA2A /* Assets.xcassets */ = {isa = PBXFileReference; lastKnownFileType = folder.assetcatalog; path = Assets.xcassets; sourceTree = "<group>"; };
		9CEE97712C354A280030CA2A /* Base */ = {isa = PBXFileReference; lastKnownFileType = file.storyboard; name = Base; path = Base.lproj/LaunchScreen.storyboard; sourceTree = "<group>"; };
		9CEE97732C354A280030CA2A /* Info.plist */ = {isa = PBXFileReference; lastKnownFileType = text.plist.xml; path = Info.plist; sourceTree = "<group>"; };
		9CEE97782C354A280030CA2A /* FitpalTests.xctest */ = {isa = PBXFileReference; explicitFileType = wrapper.cfbundle; includeInIndex = 0; path = FitpalTests.xctest; sourceTree = BUILT_PRODUCTS_DIR; };
		9CEE977C2C354A280030CA2A /* FitpalTests.swift */ = {isa = PBXFileReference; lastKnownFileType = sourcecode.swift; path = FitpalTests.swift; sourceTree = "<group>"; };
		9CEE97822C354A280030CA2A /* FitpalUITests.xctest */ = {isa = PBXFileReference; explicitFileType = wrapper.cfbundle; includeInIndex = 0; path = FitpalUITests.xctest; sourceTree = BUILT_PRODUCTS_DIR; };
		9CEE97862C354A280030CA2A /* FitpalUITests.swift */ = {isa = PBXFileReference; lastKnownFileType = sourcecode.swift; path = FitpalUITests.swift; sourceTree = "<group>"; };
		9CEE97882C354A280030CA2A /* FitpalUITestsLaunchTests.swift */ = {isa = PBXFileReference; lastKnownFileType = sourcecode.swift; path = FitpalUITestsLaunchTests.swift; sourceTree = "<group>"; };
/* End PBXFileReference section */

/* Begin PBXFrameworksBuildPhase section */
		9CEE975C2C354A270030CA2A /* Frameworks */ = {
			isa = PBXFrameworksBuildPhase;
			buildActionMask = 2147483647;
			files = (
			);
			runOnlyForDeploymentPostprocessing = 0;
		};
		9CEE97752C354A280030CA2A /* Frameworks */ = {
			isa = PBXFrameworksBuildPhase;
			buildActionMask = 2147483647;
			files = (
			);
			runOnlyForDeploymentPostprocessing = 0;
		};
		9CEE977F2C354A280030CA2A /* Frameworks */ = {
			isa = PBXFrameworksBuildPhase;
			buildActionMask = 2147483647;
			files = (
			);
			runOnlyForDeploymentPostprocessing = 0;
		};
/* End PBXFrameworksBuildPhase section */

/* Begin PBXGroup section */
		9CEE97562C354A270030CA2A = {
			isa = PBXGroup;
			children = (
				9CEE97612C354A270030CA2A /* Fitpal */,
				9CEE977B2C354A280030CA2A /* FitpalTests */,
				9CEE97852C354A280030CA2A /* FitpalUITests */,
				9CEE97602C354A270030CA2A /* Products */,
			);
			sourceTree = "<group>";
		};
		9CEE97602C354A270030CA2A /* Products */ = {
			isa = PBXGroup;
			children = (
				9CEE975F2C354A270030CA2A /* Fitpal.app */,
				9CEE97782C354A280030CA2A /* FitpalTests.xctest */,
				9CEE97822C354A280030CA2A /* FitpalUITests.xctest */,
			);
			name = Products;
			sourceTree = "<group>";
		};
		9CEE97612C354A270030CA2A /* Fitpal */ = {
			isa = PBXGroup;
			children = (
				9CEE97622C354A270030CA2A /* AppDelegate.swift */,
				9CEE97642C354A270030CA2A /* SceneDelegate.swift */,
				9CEE97662C354A270030CA2A /* ViewController.swift */,
				9CEE97682C354A270030CA2A /* Main.storyboard */,
				9CEE976E2C354A280030CA2A /* Assets.xcassets */,
				9CEE97702C354A280030CA2A /* LaunchScreen.storyboard */,
				9CEE97732C354A280030CA2A /* Info.plist */,
				9CEE976B2C354A270030CA2A /* Fitpal.xcdatamodeld */,
			);
			path = Fitpal;
			sourceTree = "<group>";
		};
		9CEE977B2C354A280030CA2A /* FitpalTests */ = {
			isa = PBXGroup;
			children = (
				9CEE977C2C354A280030CA2A /* FitpalTests.swift */,
			);
			path = FitpalTests;
			sourceTree = "<group>";
		};
		9CEE97852C354A280030CA2A /* FitpalUITests */ = {
			isa = PBXGroup;
			children = (
				9CEE97862C354A280030CA2A /* FitpalUITests.swift */,
				9CEE97882C354A280030CA2A /* FitpalUITestsLaunchTests.swift */,
			);
			path = FitpalUITests;
			sourceTree = "<group>";
		};
/* End PBXGroup section */

/* Begin PBXNativeTarget section */
		9CEE975E2C354A270030CA2A /* Fitpal */ = {
			isa = PBXNativeTarget;
			buildConfigurationList = 9CEE978C2C354A280030CA2A /* Build configuration list for PBXNativeTarget "Fitpal" */;
			buildPhases = (
				9CEE975B2C354A270030CA2A /* Sources */,
				9CEE975C2C354A270030CA2A /* Frameworks */,
				9CEE975D2C354A270030CA2A /* Resources */,
			);
			buildRules = (
			);
			dependencies = (
			);
			name = Fitpal;
			productName = Fitpal;
			productReference = 9CEE975F2C354A270030CA2A /* Fitpal.app */;
			productType = "com.apple.product-type.application";
		};
		9CEE97772C354A280030CA2A /* FitpalTests */ = {
			isa = PBXNativeTarget;
			buildConfigurationList = 9CEE978F2C354A280030CA2A /* Build configuration list for PBXNativeTarget "FitpalTests" */;
			buildPhases = (
				9CEE97742C354A280030CA2A /* Sources */,
				9CEE97752C354A280030CA2A /* Frameworks */,
				9CEE97762C354A280030CA2A /* Resources */,
			);
			buildRules = (
			);
			dependencies = (
				9CEE977A2C354A280030CA2A /* PBXTargetDependency */,
			);
			name = FitpalTests;
			productName = FitpalTests;
			productReference = 9CEE97782C354A280030CA2A /* FitpalTests.xctest */;
			productType = "com.apple.product-type.bundle.unit-test";
		};
		9CEE97812C354A280030CA2A /* FitpalUITests */ = {
			isa = PBXNativeTarget;
			buildConfigurationList = 9CEE97922C354A280030CA2A /* Build configuration list for PBXNativeTarget "FitpalUITests" */;
			buildPhases = (
				9CEE977E2C354A280030CA2A /* Sources */,
				9CEE977F2C354A280030CA2A /* Frameworks */,
				9CEE97802C354A280030CA2A /* Resources */,
			);
			buildRules = (
			);
			dependencies = (
				9CEE97842C354A280030CA2A /* PBXTargetDependency */,
			);
			name = FitpalUITests;
			productName = FitpalUITests;
			productReference = 9CEE97822C354A280030CA2A /* FitpalUITests.xctest */;
			productType = "com.apple.product-type.bundle.ui-testing";
		};
/* End PBXNativeTarget section */

/* Begin PBXProject section */
		9CEE97572C354A270030CA2A /* Project object */ = {
			isa = PBXProject;
			attributes = {
				BuildIndependentTargetsInParallel = 1;
				LastSwiftUpdateCheck = 1540;
				LastUpgradeCheck = 1540;
				TargetAttributes = {
					9CEE975E2C354A270030CA2A = {
						CreatedOnToolsVersion = 15.4;
					};
					9CEE97772C354A280030CA2A = {
						CreatedOnToolsVersion = 15.4;
						TestTargetID = 9CEE975E2C354A270030CA2A;
					};
					9CEE97812C354A280030CA2A = {
						CreatedOnToolsVersion = 15.4;
						TestTargetID = 9CEE975E2C354A270030CA2A;
					};
				};
			};
			buildConfigurationList = 9CEE975A2C354A270030CA2A /* Build configuration list for PBXProject "Fitpal" */;
			compatibilityVersion = "Xcode 14.0";
			developmentRegion = en;
			hasScannedForEncodings = 0;
			knownRegions = (
				en,
				Base,
			);
			mainGroup = 9CEE97562C354A270030CA2A;
			productRefGroup = 9CEE97602C354A270030CA2A /* Products */;
			projectDirPath = "";
			projectRoot = "";
			targets = (
				9CEE975E2C354A270030CA2A /* Fitpal */,
				9CEE97772C354A280030CA2A /* FitpalTests */,
				9CEE97812C354A280030CA2A /* FitpalUITests */,
			);
		};
/* End PBXProject section */

/* Begin PBXResourcesBuildPhase section */
		9CEE975D2C354A270030CA2A /* Resources */ = {
			isa = PBXResourcesBuildPhase;
			buildActionMask = 2147483647;
			files = (
				9CEE976F2C354A280030CA2A /* Assets.xcassets in Resources */,
				9CEE97722C354A280030CA2A /* Base in Resources */,
				9CEE976A2C354A270030CA2A /* Base in Resources */,
			);
			runOnlyForDeploymentPostprocessing = 0;
		};
		9CEE97762C354A280030CA2A /* Resources */ = {
			isa = PBXResourcesBuildPhase;
			buildActionMask = 2147483647;
			files = (
			);
			runOnlyForDeploymentPostprocessing = 0;
		};
		9CEE97802C354A280030CA2A /* Resources */ = {
			isa = PBXResourcesBuildPhase;
			buildActionMask = 2147483647;
			files = (
			);
			runOnlyForDeploymentPostprocessing = 0;
		};
/* End PBXResourcesBuildPhase section */

/* Begin PBXSourcesBuildPhase section */
		9CEE975B2C354A270030CA2A /* Sources */ = {
			isa = PBXSourcesBuildPhase;
			buildActionMask = 2147483647;
			files = (
				9CEE97672C354A270030CA2A /* ViewController.swift in Sources */,
				9CEE97632C354A270030CA2A /* AppDelegate.swift in Sources */,
				9CEE97652C354A270030CA2A /* SceneDelegate.swift in Sources */,
				9CEE976D2C354A270030CA2A /* Fitpal.xcdatamodeld in Sources */,
			);
			runOnlyForDeploymentPostprocessing = 0;
		};
		9CEE97742C354A280030CA2A /* Sources */ = {
			isa = PBXSourcesBuildPhase;
			buildActionMask = 2147483647;
			files = (
				9CEE977D2C354A280030CA2A /* FitpalTests.swift in Sources */,
			);
			runOnlyForDeploymentPostprocessing = 0;
		};
		9CEE977E2C354A280030CA2A /* Sources */ = {
			isa = PBXSourcesBuildPhase;
			buildActionMask = 2147483647;
			files = (
				9CEE97892C354A280030CA2A /* FitpalUITestsLaunchTests.swift in Sources */,
				9CEE97872C354A280030CA2A /* FitpalUITests.swift in Sources */,
			);
			runOnlyForDeploymentPostprocessing = 0;
		};
/* End PBXSourcesBuildPhase section */

/* Begin PBXTargetDependency section */
		9CEE977A2C354A280030CA2A /* PBXTargetDependency */ = {
			isa = PBXTargetDependency;
			target = 9CEE975E2C354A270030CA2A /* Fitpal */;
			targetProxy = 9CEE97792C354A280030CA2A /* PBXContainerItemProxy */;
		};
		9CEE97842C354A280030CA2A /* PBXTargetDependency */ = {
			isa = PBXTargetDependency;
			target = 9CEE975E2C354A270030CA2A /* Fitpal */;
			targetProxy = 9CEE97832C354A280030CA2A /* PBXContainerItemProxy */;
		};
/* End PBXTargetDependency section */

/* Begin PBXVariantGroup section */
		9CEE97682C354A270030CA2A /* Main.storyboard */ = {
			isa = PBXVariantGroup;
			children = (
				9CEE97692C354A270030CA2A /* Base */,
			);
			name = Main.storyboard;
			sourceTree = "<group>";
		};
		9CEE97702C354A280030CA2A /* LaunchScreen.storyboard */ = {
			isa = PBXVariantGroup;
			children = (
				9CEE97712C354A280030CA2A /* Base */,
			);
			name = LaunchScreen.storyboard;
			sourceTree = "<group>";
		};
/* End PBXVariantGroup section */

/* Begin XCBuildConfiguration section */
		9CEE978A2C354A280030CA2A /* Debug */ = {
			isa = XCBuildConfiguration;
			buildSettings = {
				ALWAYS_SEARCH_USER_PATHS = NO;
				ASSETCATALOG_COMPILER_GENERATE_SWIFT_ASSET_SYMBOL_EXTENSIONS = YES;
				CLANG_ANALYZER_NONNULL = YES;
				CLANG_ANALYZER_NUMBER_OBJECT_CONVERSION = YES_AGGRESSIVE;
				CLANG_CXX_LANGUAGE_STANDARD = "gnu++20";
				CLANG_ENABLE_MODULES = YES;
				CLANG_ENABLE_OBJC_ARC = YES;
				CLANG_ENABLE_OBJC_WEAK = YES;
				CLANG_WARN_BLOCK_CAPTURE_AUTORELEASING = YES;
				CLANG_WARN_BOOL_CONVERSION = YES;
				CLANG_WARN_COMMA = YES;
				CLANG_WARN_CONSTANT_CONVERSION = YES;
				CLANG_WARN_DEPRECATED_OBJC_IMPLEMENTATIONS = YES;
				CLANG_WARN_DIRECT_OBJC_ISA_USAGE = YES_ERROR;
				CLANG_WARN_DOCUMENTATION_COMMENTS = YES;
				CLANG_WARN_EMPTY_BODY = YES;
				CLANG_WARN_ENUM_CONVERSION = YES;
				CLANG_WARN_INFINITE_RECURSION = YES;
				CLANG_WARN_INT_CONVERSION = YES;
				CLANG_WARN_NON_LITERAL_NULL_CONVERSION = YES;
				CLANG_WARN_OBJC_IMPLICIT_RETAIN_SELF = YES;
				CLANG_WARN_OBJC_LITERAL_CONVERSION = YES;
				CLANG_WARN_OBJC_ROOT_CLASS = YES_ERROR;
				CLANG_WARN_QUOTED_INCLUDE_IN_FRAMEWORK_HEADER = YES;
				CLANG_WARN_RANGE_LOOP_ANALYSIS = YES;
				CLANG_WARN_STRICT_PROTOTYPES = YES;
				CLANG_WARN_SUSPICIOUS_MOVE = YES;
				CLANG_WARN_UNGUARDED_AVAILABILITY = YES_AGGRESSIVE;
				CLANG_WARN_UNREACHABLE_CODE = YES;
				CLANG_WARN__DUPLICATE_METHOD_MATCH = YES;
				COPY_PHASE_STRIP = NO;
				DEBUG_INFORMATION_FORMAT = dwarf;
				ENABLE_STRICT_OBJC_MSGSEND = YES;
				ENABLE_TESTABILITY = YES;
				ENABLE_USER_SCRIPT_SANDBOXING = YES;
				GCC_C_LANGUAGE_STANDARD = gnu17;
				GCC_DYNAMIC_NO_PIC = NO;
				GCC_NO_COMMON_BLOCKS = YES;
				GCC_OPTIMIZATION_LEVEL = 0;
				GCC_PREPROCESSOR_DEFINITIONS = (
					"DEBUG=1",
					"$(inherited)",
				);
				GCC_WARN_64_TO_32_BIT_CONVERSION = YES;
				GCC_WARN_ABOUT_RETURN_TYPE = YES_ERROR;
				GCC_WARN_UNDECLARED_SELECTOR = YES;
				GCC_WARN_UNINITIALIZED_AUTOS = YES_AGGRESSIVE;
				GCC_WARN_UNUSED_FUNCTION = YES;
				GCC_WARN_UNUSED_VARIABLE = YES;
				IPHONEOS_DEPLOYMENT_TARGET = 17.5;
				LOCALIZATION_PREFERS_STRING_CATALOGS = YES;
				MTL_ENABLE_DEBUG_INFO = INCLUDE_SOURCE;
				MTL_FAST_MATH = YES;
				ONLY_ACTIVE_ARCH = YES;
				SDKROOT = iphoneos;
				SWIFT_ACTIVE_COMPILATION_CONDITIONS = "DEBUG $(inherited)";
				SWIFT_OPTIMIZATION_LEVEL = "-Onone";
			};
			name = Debug;
		};
		9CEE978B2C354A280030CA2A /* Release */ = {
			isa = XCBuildConfiguration;
			buildSettings = {
				ALWAYS_SEARCH_USER_PATHS = NO;
				ASSETCATALOG_COMPILER_GENERATE_SWIFT_ASSET_SYMBOL_EXTENSIONS = YES;
				CLANG_ANALYZER_NONNULL = YES;
				CLANG_ANALYZER_NUMBER_OBJECT_CONVERSION = YES_AGGRESSIVE;
				CLANG_CXX_LANGUAGE_STANDARD = "gnu++20";
				CLANG_ENABLE_MODULES = YES;
				CLANG_ENABLE_OBJC_ARC = YES;
				CLANG_ENABLE_OBJC_WEAK = YES;
				CLANG_WARN_BLOCK_CAPTURE_AUTORELEASING = YES;
				CLANG_WARN_BOOL_CONVERSION = YES;
				CLANG_WARN_COMMA = YES;
				CLANG_WARN_CONSTANT_CONVERSION = YES;
				CLANG_WARN_DEPRECATED_OBJC_IMPLEMENTATIONS = YES;
				CLANG_WARN_DIRECT_OBJC_ISA_USAGE = YES_ERROR;
				CLANG_WARN_DOCUMENTATION_COMMENTS = YES;
				CLANG_WARN_EMPTY_BODY = YES;
				CLANG_WARN_ENUM_CONVERSION = YES;
				CLANG_WARN_INFINITE_RECURSION = YES;
				CLANG_WARN_INT_CONVERSION = YES;
				CLANG_WARN_NON_LITERAL_NULL_CONVERSION = YES;
				CLANG_WARN_OBJC_IMPLICIT_RETAIN_SELF = YES;
				CLANG_WARN_OBJC_LITERAL_CONVERSION = YES;
				CLANG_WARN_OBJC_ROOT_CLASS = YES_ERROR;
				CLANG_WARN_QUOTED_INCLUDE_IN_FRAMEWORK_HEADER = YES;
				CLANG_WARN_RANGE_LOOP_ANALYSIS = YES;
				CLANG_WARN_STRICT_PROTOTYPES = YES;
				CLANG_WARN_SUSPICIOUS_MOVE = YES;
				CLANG_WARN_UNGUARDED_AVAILABILITY = YES_AGGRESSIVE;
				CLANG_WARN_UNREACHABLE_CODE = YES;
				CLANG_WARN__DUPLICATE_METHOD_MATCH = YES;
				COPY_PHASE_STRIP = NO;
				DEBUG_INFORMATION_FORMAT = "dwarf-with-dsym";
				ENABLE_NS_ASSERTIONS = NO;
				ENABLE_STRICT_OBJC_MSGSEND = YES;
				ENABLE_USER_SCRIPT_SANDBOXING = YES;
				GCC_C_LANGUAGE_STANDARD = gnu17;
				GCC_NO_COMMON_BLOCKS = YES;
				GCC_WARN_64_TO_32_BIT_CONVERSION = YES;
				GCC_WARN_ABOUT_RETURN_TYPE = YES_ERROR;
				GCC_WARN_UNDECLARED_SELECTOR = YES;
				GCC_WARN_UNINITIALIZED_AUTOS = YES_AGGRESSIVE;
				GCC_WARN_UNUSED_FUNCTION = YES;
				GCC_WARN_UNUSED_VARIABLE = YES;
				IPHONEOS_DEPLOYMENT_TARGET = 17.5;
				LOCALIZATION_PREFERS_STRING_CATALOGS = YES;
				MTL_ENABLE_DEBUG_INFO = NO;
				MTL_FAST_MATH = YES;
				SDKROOT = iphoneos;
				SWIFT_COMPILATION_MODE = wholemodule;
				VALIDATE_PRODUCT = YES;
			};
			name = Release;
		};
		9CEE978D2C354A280030CA2A /* Debug */ = {
			isa = XCBuildConfiguration;
			buildSettings = {
				ASSETCATALOG_COMPILER_APPICON_NAME = AppIcon;
				ASSETCATALOG_COMPILER_GLOBAL_ACCENT_COLOR_NAME = AccentColor;
				CODE_SIGN_STYLE = Automatic;
				CURRENT_PROJECT_VERSION = 1;
				GENERATE_INFOPLIST_FILE = YES;
				INFOPLIST_FILE = Fitpal/Info.plist;
				INFOPLIST_KEY_UIApplicationSupportsIndirectInputEvents = YES;
				INFOPLIST_KEY_UILaunchStoryboardName = LaunchScreen;
				INFOPLIST_KEY_UIMainStoryboardFile = Main;
				INFOPLIST_KEY_UISupportedInterfaceOrientations_iPad = "UIInterfaceOrientationPortrait UIInterfaceOrientationPortraitUpsideDown UIInterfaceOrientationLandscapeLeft UIInterfaceOrientationLandscapeRight";
				INFOPLIST_KEY_UISupportedInterfaceOrientations_iPhone = "UIInterfaceOrientationPortrait UIInterfaceOrientationLandscapeLeft UIInterfaceOrientationLandscapeRight";
				LD_RUNPATH_SEARCH_PATHS = (
					"$(inherited)",
					"@executable_path/Frameworks",
				);
				MARKETING_VERSION = 1.0;
				PRODUCT_BUNDLE_IDENTIFIER = fitpal.com.Fitpal;
				PRODUCT_NAME = "$(TARGET_NAME)";
				SWIFT_EMIT_LOC_STRINGS = YES;
				SWIFT_VERSION = 5.0;
				TARGETED_DEVICE_FAMILY = "1,2";
			};
			name = Debug;
		};
		9CEE978E2C354A280030CA2A /* Release */ = {
			isa = XCBuildConfiguration;
			buildSettings = {
				ASSETCATALOG_COMPILER_APPICON_NAME = AppIcon;
				ASSETCATALOG_COMPILER_GLOBAL_ACCENT_COLOR_NAME = AccentColor;
				CODE_SIGN_STYLE = Automatic;
				CURRENT_PROJECT_VERSION = 1;
				GENERATE_INFOPLIST_FILE = YES;
				INFOPLIST_FILE = Fitpal/Info.plist;
				INFOPLIST_KEY_UIApplicationSupportsIndirectInputEvents = YES;
				INFOPLIST_KEY_UILaunchStoryboardName = LaunchScreen;
				INFOPLIST_KEY_UIMainStoryboardFile = Main;
				INFOPLIST_KEY_UISupportedInterfaceOrientations_iPad = "UIInterfaceOrientationPortrait UIInterfaceOrientationPortraitUpsideDown UIInterfaceOrientationLandscapeLeft UIInterfaceOrientationLandscapeRight";
				INFOPLIST_KEY_UISupportedInterfaceOrientations_iPhone = "UIInterfaceOrientationPortrait UIInterfaceOrientationLandscapeLeft UIInterfaceOrientationLandscapeRight";
				LD_RUNPATH_SEARCH_PATHS = (
					"$(inherited)",
					"@executable_path/Frameworks",
				);
				MARKETING_VERSION = 1.0;
				PRODUCT_BUNDLE_IDENTIFIER = fitpal.com.Fitpal;
				PRODUCT_NAME = "$(TARGET_NAME)";
				SWIFT_EMIT_LOC_STRINGS = YES;
				SWIFT_VERSION = 5.0;
				TARGETED_DEVICE_FAMILY = "1,2";
			};
			name = Release;
		};
		9CEE97902C354A280030CA2A /* Debug */ = {
			isa = XCBuildConfiguration;
			buildSettings = {
				ALWAYS_EMBED_SWIFT_STANDARD_LIBRARIES = YES;
				BUNDLE_LOADER = "$(TEST_HOST)";
				CODE_SIGN_STYLE = Automatic;
				CURRENT_PROJECT_VERSION = 1;
				GENERATE_INFOPLIST_FILE = YES;
				IPHONEOS_DEPLOYMENT_TARGET = 17.5;
				MARKETING_VERSION = 1.0;
				PRODUCT_BUNDLE_IDENTIFIER = fitpal.com.FitpalTests;
				PRODUCT_NAME = "$(TARGET_NAME)";
				SWIFT_EMIT_LOC_STRINGS = NO;
				SWIFT_VERSION = 5.0;
				TARGETED_DEVICE_FAMILY = "1,2";
				TEST_HOST = "$(BUILT_PRODUCTS_DIR)/Fitpal.app/$(BUNDLE_EXECUTABLE_FOLDER_PATH)/Fitpal";
			};
			name = Debug;
		};
		9CEE97912C354A280030CA2A /* Release */ = {
			isa = XCBuildConfiguration;
			buildSettings = {
				ALWAYS_EMBED_SWIFT_STANDARD_LIBRARIES = YES;
				BUNDLE_LOADER = "$(TEST_HOST)";
				CODE_SIGN_STYLE = Automatic;
				CURRENT_PROJECT_VERSION = 1;
				GENERATE_INFOPLIST_FILE = YES;
				IPHONEOS_DEPLOYMENT_TARGET = 17.5;
				MARKETING_VERSION = 1.0;
				PRODUCT_BUNDLE_IDENTIFIER = fitpal.com.FitpalTests;
				PRODUCT_NAME = "$(TARGET_NAME)";
				SWIFT_EMIT_LOC_STRINGS = NO;
				SWIFT_VERSION = 5.0;
				TARGETED_DEVICE_FAMILY = "1,2";
				TEST_HOST = "$(BUILT_PRODUCTS_DIR)/Fitpal.app/$(BUNDLE_EXECUTABLE_FOLDER_PATH)/Fitpal";
			};
			name = Release;
		};
		9CEE97932C354A280030CA2A /* Debug */ = {
			isa = XCBuildConfiguration;
			buildSettings = {
				ALWAYS_EMBED_SWIFT_STANDARD_LIBRARIES = YES;
				CODE_SIGN_STYLE = Automatic;
				CURRENT_PROJECT_VERSION = 1;
				GENERATE_INFOPLIST_FILE = YES;
				MARKETING_VERSION = 1.0;
				PRODUCT_BUNDLE_IDENTIFIER = fitpal.com.FitpalUITests;
				PRODUCT_NAME = "$(TARGET_NAME)";
				SWIFT_EMIT_LOC_STRINGS = NO;
				SWIFT_VERSION = 5.0;
				TARGETED_DEVICE_FAMILY = "1,2";
				TEST_TARGET_NAME = Fitpal;
			};
			name = Debug;
		};
		9CEE97942C354A280030CA2A /* Release */ = {
			isa = XCBuildConfiguration;
			buildSettings = {
				ALWAYS_EMBED_SWIFT_STANDARD_LIBRARIES = YES;
				CODE_SIGN_STYLE = Automatic;
				CURRENT_PROJECT_VERSION = 1;
				GENERATE_INFOPLIST_FILE = YES;
				MARKETING_VERSION = 1.0;
				PRODUCT_BUNDLE_IDENTIFIER = fitpal.com.FitpalUITests;
				PRODUCT_NAME = "$(TARGET_NAME)";
				SWIFT_EMIT_LOC_STRINGS = NO;
				SWIFT_VERSION = 5.0;
				TARGETED_DEVICE_FAMILY = "1,2";
				TEST_TARGET_NAME = Fitpal;
			};
			name = Release;
		};
/* End XCBuildConfiguration section */

/* Begin XCConfigurationList section */
		9CEE975A2C354A270030CA2A /* Build configuration list for PBXProject "Fitpal" */ = {
			isa = XCConfigurationList;
			buildConfigurations = (
				9CEE978A2C354A280030CA2A /* Debug */,
				9CEE978B2C354A280030CA2A /* Release */,
			);
			defaultConfigurationIsVisible = 0;
			defaultConfigurationName = Release;
		};
		9CEE978C2C354A280030CA2A /* Build configuration list for PBXNativeTarget "Fitpal" */ = {
			isa = XCConfigurationList;
			buildConfigurations = (
				9CEE978D2C354A280030CA2A /* Debug */,
				9CEE978E2C354A280030CA2A /* Release */,
			);
			defaultConfigurationIsVisible = 0;
			defaultConfigurationName = Release;
		};
		9CEE978F2C354A280030CA2A /* Build configuration list for PBXNativeTarget "FitpalTests" */ = {
			isa = XCConfigurationList;
			buildConfigurations = (
				9CEE97902C354A280030CA2A /* Debug */,
				9CEE97912C354A280030CA2A /* Release */,
			);
			defaultConfigurationIsVisible = 0;
			defaultConfigurationName = Release;
		};
		9CEE97922C354A280030CA2A /* Build configuration list for PBXNativeTarget "FitpalUITests" */ = {
			isa = XCConfigurationList;
			buildConfigurations = (
				9CEE97932C354A280030CA2A /* Debug */,
				9CEE97942C354A280030CA2A /* Release */,
			);
			defaultConfigurationIsVisible = 0;
			defaultConfigurationName = Release;
		};
/* End XCConfigurationList section */

/* Begin XCVersionGroup section */
		9CEE976B2C354A270030CA2A /* Fitpal.xcdatamodeld */ = {
			isa = XCVersionGroup;
			children = (
				9CEE976C2C354A270030CA2A /* Fitpal.xcdatamodel */,
			);
			currentVersion = 9CEE976C2C354A270030CA2A /* Fitpal.xcdatamodel */;
			path = Fitpal.xcdatamodeld;
			sourceTree = "<group>";
			versionGroupType = wrapper.xcdatamodel;
		};
/* End XCVersionGroup section */
	};
	rootObject = 9CEE97572C354A270030CA2A /* Project object */;
}
